
Microsoft Visual Studio Solution File, Format Version 12.00
# Visual Studio Version 16
VisualStudioVersion = 16.0.32002.261
MinimumVisualStudioVersion = 10.0.40219.1
Project("{9A19103F-16F7-4668-BE54-9A1E7A4F7556}") = "Lucca.Domain", "Lucca.Domain\Lucca.Domain.csproj", "{35BD1B0B-FD6F-496A-98F5-E46F67738FB5}"
EndProject
Project("{2150E333-8FDC-42A3-9474-1A3956D46DE8}") = "Core", "Core", "{AFB84C0F-1E7E-4346-943D-4D8F93972EB4}"
EndProject
Project("{9A19103F-16F7-4668-BE54-9A1E7A4F7556}") = "Lucca.Services", "Lucca.Services\Lucca.Services.csproj", "{45910E3A-57F8-412E-9813-4DB5AA2510B3}"
EndProject
Project("{9A19103F-16F7-4668-BE54-9A1E7A4F7556}") = "Lucca.Services.Abstractions", "Lucca.Services.Abstractions\Lucca.Services.Abstractions.csproj", "{9084C9AA-270F-43D9-A14E-8792172A9AFF}"
EndProject
Project("{9A19103F-16F7-4668-BE54-9A1E7A4F7556}") = "Lucca.Contracts", "Lucca.Contracts\Lucca.Contracts.csproj", "{43F67FCB-0953-4238-A0E0-8FB627FACDB8}"
EndProject
Project("{2150E333-8FDC-42A3-9474-1A3956D46DE8}") = "Infrastructure", "Infrastructure", "{3CB81E73-6A4D-4635-AD90-681F6DAC6CA0}"
EndProject
Project("{9A19103F-16F7-4668-BE54-9A1E7A4F7556}") = "Lucca.Persistence", "Persistence\Lucca.Persistence.csproj", "{E8EE8729-76D7-4E80-9A0A-176F1EBCC6C1}"
EndProject
Project("{FAE04EC0-301F-11D3-BF4B-00C04F79EFBC}") = "Lucca.Presentation", "Presentation\Lucca.Presentation.csproj", "{34316AF1-E741-4094-AE57-A19B7B010415}"
EndProject
Global
	GlobalSection(SolutionConfigurationPlatforms) = preSolution
		Debug|Any CPU = Debug|Any CPU
		Release|Any CPU = Release|Any CPU
	EndGlobalSection
	GlobalSection(ProjectConfigurationPlatforms) = postSolution
		{35BD1B0B-FD6F-496A-98F5-E46F67738FB5}.Debug|Any CPU.ActiveCfg = Debug|Any CPU
		{35BD1B0B-FD6F-496A-98F5-E46F67738FB5}.Debug|Any CPU.Build.0 = Debug|Any CPU
		{35BD1B0B-FD6F-496A-98F5-E46F67738FB5}.Release|Any CPU.ActiveCfg = Release|Any CPU
		{35BD1B0B-FD6F-496A-98F5-E46F67738FB5}.Release|Any CPU.Build.0 = Release|Any CPU
		{45910E3A-57F8-412E-9813-4DB5AA2510B3}.Debug|Any CPU.ActiveCfg = Debug|Any CPU
		{45910E3A-57F8-412E-9813-4DB5AA2510B3}.Debug|Any CPU.Build.0 = Debug|Any CPU
		{45910E3A-57F8-412E-9813-4DB5AA2510B3}.Release|Any CPU.ActiveCfg = Release|Any CPU
		{45910E3A-57F8-412E-9813-4DB5AA2510B3}.Release|Any CPU.Build.0 = Release|Any CPU
		{9084C9AA-270F-43D9-A14E-8792172A9AFF}.Debug|Any CPU.ActiveCfg = Debug|Any CPU
		{9084C9AA-270F-43D9-A14E-8792172A9AFF}.Debug|Any CPU.Build.0 = Debug|Any CPU
		{9084C9AA-270F-43D9-A14E-8792172A9AFF}.Release|Any CPU.ActiveCfg = Release|Any CPU
		{9084C9AA-270F-43D9-A14E-8792172A9AFF}.Release|Any CPU.Build.0 = Release|Any CPU
		{43F67FCB-0953-4238-A0E0-8FB627FACDB8}.Debug|Any CPU.ActiveCfg = Debug|Any CPU
		{43F67FCB-0953-4238-A0E0-8FB627FACDB8}.Debug|Any CPU.Build.0 = Debug|Any CPU
		{43F67FCB-0953-4238-A0E0-8FB627FACDB8}.Release|Any CPU.ActiveCfg = Release|Any CPU
		{43F67FCB-0953-4238-A0E0-8FB627FACDB8}.Release|Any CPU.Build.0 = Release|Any CPU
		{E8EE8729-76D7-4E80-9A0A-176F1EBCC6C1}.Debug|Any CPU.ActiveCfg = Debug|Any CPU
		{E8EE8729-76D7-4E80-9A0A-176F1EBCC6C1}.Debug|Any CPU.Build.0 = Debug|Any CPU
		{E8EE8729-76D7-4E80-9A0A-176F1EBCC6C1}.Release|Any CPU.ActiveCfg = Release|Any CPU
		{E8EE8729-76D7-4E80-9A0A-176F1EBCC6C1}.Release|Any CPU.Build.0 = Release|Any CPU
		{34316AF1-E741-4094-AE57-A19B7B010415}.Debug|Any CPU.ActiveCfg = Debug|Any CPU
		{34316AF1-E741-4094-AE57-A19B7B010415}.Debug|Any CPU.Build.0 = Debug|Any CPU
		{34316AF1-E741-4094-AE57-A19B7B010415}.Release|Any CPU.ActiveCfg = Release|Any CPU
		{34316AF1-E741-4094-AE57-A19B7B010415}.Release|Any CPU.Build.0 = Release|Any CPU
	EndGlobalSection
	GlobalSection(SolutionProperties) = preSolution
		HideSolutionNode = FALSE
	EndGlobalSection
	GlobalSection(NestedProjects) = preSolution
		{35BD1B0B-FD6F-496A-98F5-E46F67738FB5} = {AFB84C0F-1E7E-4346-943D-4D8F93972EB4}
		{45910E3A-57F8-412E-9813-4DB5AA2510B3} = {AFB84C0F-1E7E-4346-943D-4D8F93972EB4}
		{9084C9AA-270F-43D9-A14E-8792172A9AFF} = {AFB84C0F-1E7E-4346-943D-4D8F93972EB4}
		{43F67FCB-0953-4238-A0E0-8FB627FACDB8} = {AFB84C0F-1E7E-4346-943D-4D8F93972EB4}
		{E8EE8729-76D7-4E80-9A0A-176F1EBCC6C1} = {3CB81E73-6A4D-4635-AD90-681F6DAC6CA0}
		{34316AF1-E741-4094-AE57-A19B7B010415} = {3CB81E73-6A4D-4635-AD90-681F6DAC6CA0}
	EndGlobalSection
	GlobalSection(ExtensibilityGlobals) = postSolution
		SolutionGuid = {F94A7944-769E-4F81-9176-E979ACD3CA4F}
	EndGlobalSection
EndGlobal
